
Microsoft Visual Studio Solution File, Format Version 12.00
# Visual Studio Version 16
VisualStudioVersion = 16.0.33927.289
MinimumVisualStudioVersion = 10.0.40219.1
Project("{2150E333-8FDC-42A3-9474-1A3956D46DE8}") = "Task0", "Task0", "{46214AD6-D2BB-411F-BC73-099393779F7D}"
EndProject
Project("{FAE04EC0-301F-11D3-BF4B-00C04F79EFBC}") = "Tyuiu.BrovinaYV.Sprint5.Task0.V1", "Tyuiu.BrovinaYV.Sprint5.Task0.V1\Tyuiu.BrovinaYV.Sprint5.Task0.V1.csproj", "{26D1FD75-98E9-4DD4-BE7D-6B76A9977069}"
EndProject
Project("{FAE04EC0-301F-11D3-BF4B-00C04F79EFBC}") = "Tyuiu.BrovinaYV.Sprint5.Task0.V1.Lib", "Tyuiu.BrovinaYV.Sprint5.Task0.V1.Lib\Tyuiu.BrovinaYV.Sprint5.Task0.V1.Lib.csproj", "{75777CD1-DD30-4C57-A1E4-BB54E64E2C07}"
EndProject
Project("{FAE04EC0-301F-11D3-BF4B-00C04F79EFBC}") = "Tyuiu.BrovinaYV.Sprint5.Task0.V1.Test", "Tyuiu.BrovinaYV.Sprint5.Task0.V1.Test\Tyuiu.BrovinaYV.Sprint5.Task0.V1.Test.csproj", "{7A21353C-A03C-4DB4-9D4B-9FC87308D051}"
EndProject
Project("{2150E333-8FDC-42A3-9474-1A3956D46DE8}") = "Task1", "Task1", "{EC14A46D-23D1-4FBC-B94E-79D5C77BE31E}"
EndProject
Project("{FAE04EC0-301F-11D3-BF4B-00C04F79EFBC}") = "Tyuiu.BrovinaYV.Sprint5.Task1.V17", "Tyuiu.BrovinaYV.Sprint5.Task1.V17\Tyuiu.BrovinaYV.Sprint5.Task1.V17.csproj", "{F0A1862F-AF72-43DA-A0E7-6A645FB9B30B}"
EndProject
Project("{FAE04EC0-301F-11D3-BF4B-00C04F79EFBC}") = "Tyuiu.BrovinaYV.Sprint5.Task1.V17.Lib", "Tyuiu.BrovinaYV.Sprint5.Task1.V17.Lib\Tyuiu.BrovinaYV.Sprint5.Task1.V17.Lib.csproj", "{058C8ED9-FA5F-4DC1-8333-E7F3B3340FDF}"
EndProject
Project("{FAE04EC0-301F-11D3-BF4B-00C04F79EFBC}") = "Tyuiu.BrovinaYV.Sprint5.Task1.V17.Test", "Tyuiu.BrovinaYV.Sprint5.Task1.V17.Test\Tyuiu.BrovinaYV.Sprint5.Task1.V17.Test.csproj", "{F4AF889C-D449-4D50-B431-285B0F6D28A4}"
EndProject
Project("{2150E333-8FDC-42A3-9474-1A3956D46DE8}") = "Task2", "Task2", "{61CAFCA6-3D99-4DDA-9B6E-C52AAD0D34C0}"
EndProject
Project("{FAE04EC0-301F-11D3-BF4B-00C04F79EFBC}") = "Tyuiu.BrovinaYV.Sprint5.Task2.V7", "Tyuiu.BrovinaYV.Sprint5.Task2.V7\Tyuiu.BrovinaYV.Sprint5.Task2.V7.csproj", "{3B811F55-AB26-48D4-81DA-39678D1884B2}"
EndProject
Project("{FAE04EC0-301F-11D3-BF4B-00C04F79EFBC}") = "Tyuiu.BrovinaYV.Sprint5.Task2.V7.Test", "Tyuiu.BrovinaYV.Sprint5.Task2.V7.Test\Tyuiu.BrovinaYV.Sprint5.Task2.V7.Test.csproj", "{FE90CC71-5F83-4787-AF68-0D4994ABECBD}"
EndProject
Project("{FAE04EC0-301F-11D3-BF4B-00C04F79EFBC}") = "Tyuiu.BrovinaYV.Sprint5.Task2.V7.Lib", "Tyuiu.BrovinaYV.Sprint5.Task2.V7.Lib\Tyuiu.BrovinaYV.Sprint5.Task2.V7.Lib.csproj", "{9ED03130-8B37-41F5-92B2-500F67609D60}"
EndProject
Project("{2150E333-8FDC-42A3-9474-1A3956D46DE8}") = "Task3", "Task3", "{538D408F-B7FE-4A4C-BE5E-C1CAF816399F}"
EndProject
Project("{FAE04EC0-301F-11D3-BF4B-00C04F79EFBC}") = "Tyuiu.BrovinaYV.Sprint5.Task3.V10", "Tyuiu.BrovinaYV.Sprint5.Task3.V10\Tyuiu.BrovinaYV.Sprint5.Task3.V10.csproj", "{1F2369C6-76AA-4FA2-BBB5-704712E863E9}"
EndProject
Project("{FAE04EC0-301F-11D3-BF4B-00C04F79EFBC}") = "Tyuiu.BrovinaYV.Sprint5.Task3.V10.Test", "Tyuiu.BrovinaYV.Sprint5.Task3.V10.Test\Tyuiu.BrovinaYV.Sprint5.Task3.V10.Test.csproj", "{71982426-CCD1-44BB-AC63-909D3E3C2AA5}"
EndProject
Project("{FAE04EC0-301F-11D3-BF4B-00C04F79EFBC}") = "Tyuiu.BrovinaYV.Sprint5.Task3.V10.Lib", "Tyuiu.BrovinaYV.Sprint5.Task3.V10.Lib\Tyuiu.BrovinaYV.Sprint5.Task3.V10.Lib.csproj", "{EE1ACF8C-8C1B-4812-BF91-19B2BF2361F4}"
EndProject
Project("{2150E333-8FDC-42A3-9474-1A3956D46DE8}") = "Task4", "Task4", "{D584F888-0749-43C9-8CB4-1243F19B43E6}"
EndProject
Project("{FAE04EC0-301F-11D3-BF4B-00C04F79EFBC}") = "Tyuiu.BrovinaYV.Sprint5.Task4.V8", "Tyuiu.BrovinaYV.Sprint5.Task4.V8\Tyuiu.BrovinaYV.Sprint5.Task4.V8.csproj", "{F06A96BA-E586-42E9-840D-8183F5FD945B}"
EndProject
Project("{FAE04EC0-301F-11D3-BF4B-00C04F79EFBC}") = "Tyuiu.BrovinaYV.Sprint5.Task4.V8.Lib", "Tyuiu.BrovinaYV.Sprint5.Task4.V8.Lib\Tyuiu.BrovinaYV.Sprint5.Task4.V8.Lib.csproj", "{4CD6FCD8-779A-4107-B6AB-7A333510FC02}"
EndProject
Project("{FAE04EC0-301F-11D3-BF4B-00C04F79EFBC}") = "Tyuiu.BrovinaYV.Sprint5.Task4.V8.Test", "Tyuiu.BrovinaYV.Sprint5.Task4.V8.Test\Tyuiu.BrovinaYV.Sprint5.Task4.V8.Test.csproj", "{FA70132F-3431-4CC2-8624-83D76B60BE92}"
EndProject
Global
	GlobalSection(SolutionConfigurationPlatforms) = preSolution
		Debug|Any CPU = Debug|Any CPU
		Release|Any CPU = Release|Any CPU
	EndGlobalSection
	GlobalSection(ProjectConfigurationPlatforms) = postSolution
		{26D1FD75-98E9-4DD4-BE7D-6B76A9977069}.Debug|Any CPU.ActiveCfg = Debug|Any CPU
		{26D1FD75-98E9-4DD4-BE7D-6B76A9977069}.Debug|Any CPU.Build.0 = Debug|Any CPU
		{26D1FD75-98E9-4DD4-BE7D-6B76A9977069}.Release|Any CPU.ActiveCfg = Release|Any CPU
		{26D1FD75-98E9-4DD4-BE7D-6B76A9977069}.Release|Any CPU.Build.0 = Release|Any CPU
		{75777CD1-DD30-4C57-A1E4-BB54E64E2C07}.Debug|Any CPU.ActiveCfg = Debug|Any CPU
		{75777CD1-DD30-4C57-A1E4-BB54E64E2C07}.Debug|Any CPU.Build.0 = Debug|Any CPU
		{75777CD1-DD30-4C57-A1E4-BB54E64E2C07}.Release|Any CPU.ActiveCfg = Release|Any CPU
		{75777CD1-DD30-4C57-A1E4-BB54E64E2C07}.Release|Any CPU.Build.0 = Release|Any CPU
		{7A21353C-A03C-4DB4-9D4B-9FC87308D051}.Debug|Any CPU.ActiveCfg = Debug|Any CPU
		{7A21353C-A03C-4DB4-9D4B-9FC87308D051}.Debug|Any CPU.Build.0 = Debug|Any CPU
		{7A21353C-A03C-4DB4-9D4B-9FC87308D051}.Release|Any CPU.ActiveCfg = Release|Any CPU
		{7A21353C-A03C-4DB4-9D4B-9FC87308D051}.Release|Any CPU.Build.0 = Release|Any CPU
		{F0A1862F-AF72-43DA-A0E7-6A645FB9B30B}.Debug|Any CPU.ActiveCfg = Debug|Any CPU
		{F0A1862F-AF72-43DA-A0E7-6A645FB9B30B}.Debug|Any CPU.Build.0 = Debug|Any CPU
		{F0A1862F-AF72-43DA-A0E7-6A645FB9B30B}.Release|Any CPU.ActiveCfg = Release|Any CPU
		{F0A1862F-AF72-43DA-A0E7-6A645FB9B30B}.Release|Any CPU.Build.0 = Release|Any CPU
		{058C8ED9-FA5F-4DC1-8333-E7F3B3340FDF}.Debug|Any CPU.ActiveCfg = Debug|Any CPU
		{058C8ED9-FA5F-4DC1-8333-E7F3B3340FDF}.Debug|Any CPU.Build.0 = Debug|Any CPU
		{058C8ED9-FA5F-4DC1-8333-E7F3B3340FDF}.Release|Any CPU.ActiveCfg = Release|Any CPU
		{058C8ED9-FA5F-4DC1-8333-E7F3B3340FDF}.Release|Any CPU.Build.0 = Release|Any CPU
		{F4AF889C-D449-4D50-B431-285B0F6D28A4}.Debug|Any CPU.ActiveCfg = Debug|Any CPU
		{F4AF889C-D449-4D50-B431-285B0F6D28A4}.Debug|Any CPU.Build.0 = Debug|Any CPU
		{F4AF889C-D449-4D50-B431-285B0F6D28A4}.Release|Any CPU.ActiveCfg = Release|Any CPU
		{F4AF889C-D449-4D50-B431-285B0F6D28A4}.Release|Any CPU.Build.0 = Release|Any CPU
		{3B811F55-AB26-48D4-81DA-39678D1884B2}.Debug|Any CPU.ActiveCfg = Debug|Any CPU
		{3B811F55-AB26-48D4-81DA-39678D1884B2}.Debug|Any CPU.Build.0 = Debug|Any CPU
		{3B811F55-AB26-48D4-81DA-39678D1884B2}.Release|Any CPU.ActiveCfg = Release|Any CPU
		{3B811F55-AB26-48D4-81DA-39678D1884B2}.Release|Any CPU.Build.0 = Release|Any CPU
		{FE90CC71-5F83-4787-AF68-0D4994ABECBD}.Debug|Any CPU.ActiveCfg = Debug|Any CPU
		{FE90CC71-5F83-4787-AF68-0D4994ABECBD}.Debug|Any CPU.Build.0 = Debug|Any CPU
		{FE90CC71-5F83-4787-AF68-0D4994ABECBD}.Release|Any CPU.ActiveCfg = Release|Any CPU
		{FE90CC71-5F83-4787-AF68-0D4994ABECBD}.Release|Any CPU.Build.0 = Release|Any CPU
		{9ED03130-8B37-41F5-92B2-500F67609D60}.Debug|Any CPU.ActiveCfg = Debug|Any CPU
		{9ED03130-8B37-41F5-92B2-500F67609D60}.Debug|Any CPU.Build.0 = Debug|Any CPU
		{9ED03130-8B37-41F5-92B2-500F67609D60}.Release|Any CPU.ActiveCfg = Release|Any CPU
		{9ED03130-8B37-41F5-92B2-500F67609D60}.Release|Any CPU.Build.0 = Release|Any CPU
		{1F2369C6-76AA-4FA2-BBB5-704712E863E9}.Debug|Any CPU.ActiveCfg = Debug|Any CPU
		{1F2369C6-76AA-4FA2-BBB5-704712E863E9}.Debug|Any CPU.Build.0 = Debug|Any CPU
		{1F2369C6-76AA-4FA2-BBB5-704712E863E9}.Release|Any CPU.ActiveCfg = Release|Any CPU
		{1F2369C6-76AA-4FA2-BBB5-704712E863E9}.Release|Any CPU.Build.0 = Release|Any CPU
		{71982426-CCD1-44BB-AC63-909D3E3C2AA5}.Debug|Any CPU.ActiveCfg = Debug|Any CPU
		{71982426-CCD1-44BB-AC63-909D3E3C2AA5}.Debug|Any CPU.Build.0 = Debug|Any CPU
		{71982426-CCD1-44BB-AC63-909D3E3C2AA5}.Release|Any CPU.ActiveCfg = Release|Any CPU
		{71982426-CCD1-44BB-AC63-909D3E3C2AA5}.Release|Any CPU.Build.0 = Release|Any CPU
		{EE1ACF8C-8C1B-4812-BF91-19B2BF2361F4}.Debug|Any CPU.ActiveCfg = Debug|Any CPU
		{EE1ACF8C-8C1B-4812-BF91-19B2BF2361F4}.Debug|Any CPU.Build.0 = Debug|Any CPU
		{EE1ACF8C-8C1B-4812-BF91-19B2BF2361F4}.Release|Any CPU.ActiveCfg = Release|Any CPU
		{EE1ACF8C-8C1B-4812-BF91-19B2BF2361F4}.Release|Any CPU.Build.0 = Release|Any CPU
		{F06A96BA-E586-42E9-840D-8183F5FD945B}.Debug|Any CPU.ActiveCfg = Debug|Any CPU
		{F06A96BA-E586-42E9-840D-8183F5FD945B}.Debug|Any CPU.Build.0 = Debug|Any CPU
		{F06A96BA-E586-42E9-840D-8183F5FD945B}.Release|Any CPU.ActiveCfg = Release|Any CPU
		{F06A96BA-E586-42E9-840D-8183F5FD945B}.Release|Any CPU.Build.0 = Release|Any CPU
		{4CD6FCD8-779A-4107-B6AB-7A333510FC02}.Debug|Any CPU.ActiveCfg = Debug|Any CPU
		{4CD6FCD8-779A-4107-B6AB-7A333510FC02}.Debug|Any CPU.Build.0 = Debug|Any CPU
		{4CD6FCD8-779A-4107-B6AB-7A333510FC02}.Release|Any CPU.ActiveCfg = Release|Any CPU
		{4CD6FCD8-779A-4107-B6AB-7A333510FC02}.Release|Any CPU.Build.0 = Release|Any CPU
		{FA70132F-3431-4CC2-8624-83D76B60BE92}.Debug|Any CPU.ActiveCfg = Debug|Any CPU
		{FA70132F-3431-4CC2-8624-83D76B60BE92}.Debug|Any CPU.Build.0 = Debug|Any CPU
		{FA70132F-3431-4CC2-8624-83D76B60BE92}.Release|Any CPU.ActiveCfg = Release|Any CPU
		{FA70132F-3431-4CC2-8624-83D76B60BE92}.Release|Any CPU.Build.0 = Release|Any CPU
	EndGlobalSection
	GlobalSection(SolutionProperties) = preSolution
		HideSolutionNode = FALSE
	EndGlobalSection
	GlobalSection(NestedProjects) = preSolution
		{26D1FD75-98E9-4DD4-BE7D-6B76A9977069} = {46214AD6-D2BB-411F-BC73-099393779F7D}
		{75777CD1-DD30-4C57-A1E4-BB54E64E2C07} = {46214AD6-D2BB-411F-BC73-099393779F7D}
		{7A21353C-A03C-4DB4-9D4B-9FC87308D051} = {46214AD6-D2BB-411F-BC73-099393779F7D}
		{F0A1862F-AF72-43DA-A0E7-6A645FB9B30B} = {EC14A46D-23D1-4FBC-B94E-79D5C77BE31E}
		{058C8ED9-FA5F-4DC1-8333-E7F3B3340FDF} = {EC14A46D-23D1-4FBC-B94E-79D5C77BE31E}
		{F4AF889C-D449-4D50-B431-285B0F6D28A4} = {EC14A46D-23D1-4FBC-B94E-79D5C77BE31E}
		{3B811F55-AB26-48D4-81DA-39678D1884B2} = {61CAFCA6-3D99-4DDA-9B6E-C52AAD0D34C0}
		{FE90CC71-5F83-4787-AF68-0D4994ABECBD} = {61CAFCA6-3D99-4DDA-9B6E-C52AAD0D34C0}
		{9ED03130-8B37-41F5-92B2-500F67609D60} = {61CAFCA6-3D99-4DDA-9B6E-C52AAD0D34C0}
		{1F2369C6-76AA-4FA2-BBB5-704712E863E9} = {538D408F-B7FE-4A4C-BE5E-C1CAF816399F}
		{71982426-CCD1-44BB-AC63-909D3E3C2AA5} = {538D408F-B7FE-4A4C-BE5E-C1CAF816399F}
		{EE1ACF8C-8C1B-4812-BF91-19B2BF2361F4} = {538D408F-B7FE-4A4C-BE5E-C1CAF816399F}
		{F06A96BA-E586-42E9-840D-8183F5FD945B} = {D584F888-0749-43C9-8CB4-1243F19B43E6}
		{4CD6FCD8-779A-4107-B6AB-7A333510FC02} = {D584F888-0749-43C9-8CB4-1243F19B43E6}
		{FA70132F-3431-4CC2-8624-83D76B60BE92} = {D584F888-0749-43C9-8CB4-1243F19B43E6}
	EndGlobalSection
	GlobalSection(ExtensibilityGlobals) = postSolution
		SolutionGuid = {019C10EB-469F-46F5-A9B5-74C60A890B18}
	EndGlobalSection
EndGlobal
